
Microsoft Visual Studio Solution File, Format Version 12.00
# Visual Studio Version 16
VisualStudioVersion = 16.0.31729.503
MinimumVisualStudioVersion = 10.0.40219.1
Project("{FAE04EC0-301F-11D3-BF4B-00C04F79EFBC}") = "Task_1", "Veem_Lab1\Task_1.csproj", "{67DC655D-C66C-44C0-AADA-3EC4214F7A4B}"
EndProject
Project("{FAE04EC0-301F-11D3-BF4B-00C04F79EFBC}") = "Task_2", "Task_2\Task_2.csproj", "{4AE160A4-2FC8-4912-8F5D-5FEC1062076A}"
EndProject
Global
	GlobalSection(SolutionConfigurationPlatforms) = preSolution
		Debug|Any CPU = Debug|Any CPU
		Release|Any CPU = Release|Any CPU
	EndGlobalSection
	GlobalSection(ProjectConfigurationPlatforms) = postSolution
		{67DC655D-C66C-44C0-AADA-3EC4214F7A4B}.Debug|Any CPU.ActiveCfg = Debug|Any CPU
		{67DC655D-C66C-44C0-AADA-3EC4214F7A4B}.Debug|Any CPU.Build.0 = Debug|Any CPU
		{67DC655D-C66C-44C0-AADA-3EC4214F7A4B}.Release|Any CPU.ActiveCfg = Release|Any CPU
		{67DC655D-C66C-44C0-AADA-3EC4214F7A4B}.Release|Any CPU.Build.0 = Release|Any CPU
		{4AE160A4-2FC8-4912-8F5D-5FEC1062076A}.Debug|Any CPU.ActiveCfg = Debug|Any CPU
		{4AE160A4-2FC8-4912-8F5D-5FEC1062076A}.Debug|Any CPU.Build.0 = Debug|Any CPU
		{4AE160A4-2FC8-4912-8F5D-5FEC1062076A}.Release|Any CPU.ActiveCfg = Release|Any CPU
		{4AE160A4-2FC8-4912-8F5D-5FEC1062076A}.Release|Any CPU.Build.0 = Release|Any CPU
	EndGlobalSection
	GlobalSection(SolutionProperties) = preSolution
		HideSolutionNode = FALSE
	EndGlobalSection
	GlobalSection(ExtensibilityGlobals) = postSolution
		SolutionGuid = {B6C8BD57-8716-460F-BD49-9FE4769AB81C}
	EndGlobalSection
EndGlobal
